
Microsoft Visual Studio Solution File, Format Version 12.00
# Visual Studio Version 16
VisualStudioVersion = 16.0.30011.22
MinimumVisualStudioVersion = 10.0.40219.1
Project("{FAE04EC0-301F-11D3-BF4B-00C04F79EFBC}") = "ZMachine", "ZMachine\ZMachine.csproj", "{D8516AD7-4E60-484A-BDBC-14F61C705CD3}"
EndProject
Project("{FAE04EC0-301F-11D3-BF4B-00C04F79EFBC}") = "ZMachineRunner", "ZMachineRunner\ZMachineRunner.csproj", "{C69D12FB-E0CE-40D8-B60E-468C5AFFF2AD}"
EndProject
Global
	GlobalSection(SolutionConfigurationPlatforms) = preSolution
		Debug|Any CPU = Debug|Any CPU
		Release|Any CPU = Release|Any CPU
	EndGlobalSection
	GlobalSection(ProjectConfigurationPlatforms) = postSolution
		{D8516AD7-4E60-484A-BDBC-14F61C705CD3}.Debug|Any CPU.ActiveCfg = Debug|Any CPU
		{D8516AD7-4E60-484A-BDBC-14F61C705CD3}.Debug|Any CPU.Build.0 = Debug|Any CPU
		{D8516AD7-4E60-484A-BDBC-14F61C705CD3}.Release|Any CPU.ActiveCfg = Release|Any CPU
		{D8516AD7-4E60-484A-BDBC-14F61C705CD3}.Release|Any CPU.Build.0 = Release|Any CPU
		{C69D12FB-E0CE-40D8-B60E-468C5AFFF2AD}.Debug|Any CPU.ActiveCfg = Debug|Any CPU
		{C69D12FB-E0CE-40D8-B60E-468C5AFFF2AD}.Debug|Any CPU.Build.0 = Debug|Any CPU
		{C69D12FB-E0CE-40D8-B60E-468C5AFFF2AD}.Release|Any CPU.ActiveCfg = Release|Any CPU
		{C69D12FB-E0CE-40D8-B60E-468C5AFFF2AD}.Release|Any CPU.Build.0 = Release|Any CPU
	EndGlobalSection
	GlobalSection(SolutionProperties) = preSolution
		HideSolutionNode = FALSE
	EndGlobalSection
	GlobalSection(ExtensibilityGlobals) = postSolution
		SolutionGuid = {2CB355AF-F187-4992-8C3C-2159B439123C}
	EndGlobalSection
EndGlobal
